# THIS IS AN AUTOGENERATED FILE. DO NOT EDIT THIS FILE DIRECTLY.
# yarn lockfile v1


"@constellation-components/button@1.1.2-canary.8":
  version "1.1.2-canary.8"
  resolved "https://registry.yarnpkg.com/@constellation-components/button/-/button-1.1.2-canary.8.tgz#55e73790dad7dce072ceb822daa6db312360cb9a"
  integrity sha512-mtwuKKdIXypqeOjQ8ZeumW+BKqN8WZPyd2rHGGHzMAyIWle6WFK9jQwthLLnKesw8VyCz2oAitkiV1d5UOFmBA==
