# THIS IS AN AUTOGENERATED FILE. DO NOT EDIT THIS FILE DIRECTLY.
# yarn lockfile v1


"@constellation-components/button@^1.0.1-alpha.5":
  version "1.0.1-alpha.5"
  resolved "https://registry.yarnpkg.com/@constellation-components/button/-/button-1.0.1-alpha.5.tgz#483e790b5e1a962d92ac039e77fb832e18f0aba9"
  integrity sha512-XYwXPh1F9k5rOkG7xiy+7SABiWqDTURqqfQx1eMFyKo+rLGpPFYqPaBd8HhF/FE0l5HTm4siHQArcNwkf2dwKg==
